
Microsoft Visual Studio Solution File, Format Version 12.00
# Visual Studio Version 17
VisualStudioVersion = 17.8.34330.188
MinimumVisualStudioVersion = 10.0.40219.1
Project("{8BC9CEB8-8B4A-11D0-8D11-00A0C91BC942}") = "BlankApp1", "BlankApp1.vcxproj", "{90301607-47AB-427B-8835-F58CED5C5706}"
EndProject
Project("{9A19103F-16F7-4668-BE54-9A1E7A4F7556}") = "AuthoringDemo", "..\AuthoringDemo\AuthoringDemo.csproj", "{CEB20648-D9A8-4BA6-88EF-228EDC138220}"
EndProject
Project("{8BC9CEB8-8B4A-11D0-8D11-00A0C91BC942}") = "ConsoleApplication2", "..\ConsoleApplication2\ConsoleApplication2.vcxproj", "{E2E53755-7990-4208-BCB9-E070AA9F9494}"
EndProject
Project("{8BC9CEB8-8B4A-11D0-8D11-00A0C91BC942}") = "BlankApp2", "..\BlankApp2\BlankApp2.vcxproj", "{C581A94F-9506-45B3-966D-E3C30C4797B7}"
EndProject
Project("{8BC9CEB8-8B4A-11D0-8D11-00A0C91BC942}") = "CoreApp1", "..\CoreApp1\CoreApp1.vcxproj", "{CDC2AAFD-C21E-42A1-9C66-ADDC17B3C764}"
EndProject
Global
	GlobalSection(SolutionConfigurationPlatforms) = preSolution
		Debug|Any CPU = Debug|Any CPU
		Debug|ARM = Debug|ARM
		Debug|ARM64 = Debug|ARM64
		Debug|x64 = Debug|x64
		Debug|x86 = Debug|x86
		Release|Any CPU = Release|Any CPU
		Release|ARM = Release|ARM
		Release|ARM64 = Release|ARM64
		Release|x64 = Release|x64
		Release|x86 = Release|x86
	EndGlobalSection
	GlobalSection(ProjectConfigurationPlatforms) = postSolution
		{90301607-47AB-427B-8835-F58CED5C5706}.Debug|Any CPU.ActiveCfg = Debug|x64
		{90301607-47AB-427B-8835-F58CED5C5706}.Debug|Any CPU.Build.0 = Debug|x64
		{90301607-47AB-427B-8835-F58CED5C5706}.Debug|Any CPU.Deploy.0 = Debug|x64
		{90301607-47AB-427B-8835-F58CED5C5706}.Debug|ARM.ActiveCfg = Debug|ARM
		{90301607-47AB-427B-8835-F58CED5C5706}.Debug|ARM.Build.0 = Debug|ARM
		{90301607-47AB-427B-8835-F58CED5C5706}.Debug|ARM.Deploy.0 = Debug|ARM
		{90301607-47AB-427B-8835-F58CED5C5706}.Debug|ARM64.ActiveCfg = Debug|ARM64
		{90301607-47AB-427B-8835-F58CED5C5706}.Debug|ARM64.Build.0 = Debug|ARM64
		{90301607-47AB-427B-8835-F58CED5C5706}.Debug|ARM64.Deploy.0 = Debug|ARM64
		{90301607-47AB-427B-8835-F58CED5C5706}.Debug|x64.ActiveCfg = Debug|x64
		{90301607-47AB-427B-8835-F58CED5C5706}.Debug|x64.Build.0 = Debug|x64
		{90301607-47AB-427B-8835-F58CED5C5706}.Debug|x64.Deploy.0 = Debug|x64
		{90301607-47AB-427B-8835-F58CED5C5706}.Debug|x86.ActiveCfg = Debug|Win32
		{90301607-47AB-427B-8835-F58CED5C5706}.Debug|x86.Build.0 = Debug|Win32
		{90301607-47AB-427B-8835-F58CED5C5706}.Debug|x86.Deploy.0 = Debug|Win32
		{90301607-47AB-427B-8835-F58CED5C5706}.Release|Any CPU.ActiveCfg = Release|x64
		{90301607-47AB-427B-8835-F58CED5C5706}.Release|Any CPU.Build.0 = Release|x64
		{90301607-47AB-427B-8835-F58CED5C5706}.Release|Any CPU.Deploy.0 = Release|x64
		{90301607-47AB-427B-8835-F58CED5C5706}.Release|ARM.ActiveCfg = Release|ARM
		{90301607-47AB-427B-8835-F58CED5C5706}.Release|ARM.Build.0 = Release|ARM
		{90301607-47AB-427B-8835-F58CED5C5706}.Release|ARM.Deploy.0 = Release|ARM
		{90301607-47AB-427B-8835-F58CED5C5706}.Release|ARM64.ActiveCfg = Release|ARM64
		{90301607-47AB-427B-8835-F58CED5C5706}.Release|ARM64.Build.0 = Release|ARM64
		{90301607-47AB-427B-8835-F58CED5C5706}.Release|ARM64.Deploy.0 = Release|ARM64
		{90301607-47AB-427B-8835-F58CED5C5706}.Release|x64.ActiveCfg = Release|x64
		{90301607-47AB-427B-8835-F58CED5C5706}.Release|x64.Build.0 = Release|x64
		{90301607-47AB-427B-8835-F58CED5C5706}.Release|x64.Deploy.0 = Release|x64
		{90301607-47AB-427B-8835-F58CED5C5706}.Release|x86.ActiveCfg = Release|Win32
		{90301607-47AB-427B-8835-F58CED5C5706}.Release|x86.Build.0 = Release|Win32
		{90301607-47AB-427B-8835-F58CED5C5706}.Release|x86.Deploy.0 = Release|Win32
		{CEB20648-D9A8-4BA6-88EF-228EDC138220}.Debug|Any CPU.ActiveCfg = Debug|x64
		{CEB20648-D9A8-4BA6-88EF-228EDC138220}.Debug|Any CPU.Build.0 = Debug|x64
		{CEB20648-D9A8-4BA6-88EF-228EDC138220}.Debug|ARM.ActiveCfg = Debug|x64
		{CEB20648-D9A8-4BA6-88EF-228EDC138220}.Debug|ARM.Build.0 = Debug|x64
		{CEB20648-D9A8-4BA6-88EF-228EDC138220}.Debug|ARM64.ActiveCfg = Debug|arm64
		{CEB20648-D9A8-4BA6-88EF-228EDC138220}.Debug|ARM64.Build.0 = Debug|arm64
		{CEB20648-D9A8-4BA6-88EF-228EDC138220}.Debug|x64.ActiveCfg = Debug|x64
		{CEB20648-D9A8-4BA6-88EF-228EDC138220}.Debug|x64.Build.0 = Debug|x64
		{CEB20648-D9A8-4BA6-88EF-228EDC138220}.Debug|x86.ActiveCfg = Debug|x86
		{CEB20648-D9A8-4BA6-88EF-228EDC138220}.Debug|x86.Build.0 = Debug|x86
		{CEB20648-D9A8-4BA6-88EF-228EDC138220}.Release|Any CPU.ActiveCfg = Release|x64
		{CEB20648-D9A8-4BA6-88EF-228EDC138220}.Release|Any CPU.Build.0 = Release|x64
		{CEB20648-D9A8-4BA6-88EF-228EDC138220}.Release|ARM.ActiveCfg = Release|x64
		{CEB20648-D9A8-4BA6-88EF-228EDC138220}.Release|ARM.Build.0 = Release|x64
		{CEB20648-D9A8-4BA6-88EF-228EDC138220}.Release|ARM64.ActiveCfg = Release|arm64
		{CEB20648-D9A8-4BA6-88EF-228EDC138220}.Release|ARM64.Build.0 = Release|arm64
		{CEB20648-D9A8-4BA6-88EF-228EDC138220}.Release|x64.ActiveCfg = Release|x64
		{CEB20648-D9A8-4BA6-88EF-228EDC138220}.Release|x64.Build.0 = Release|x64
		{CEB20648-D9A8-4BA6-88EF-228EDC138220}.Release|x86.ActiveCfg = Release|x86
		{CEB20648-D9A8-4BA6-88EF-228EDC138220}.Release|x86.Build.0 = Release|x86
		{E2E53755-7990-4208-BCB9-E070AA9F9494}.Debug|Any CPU.ActiveCfg = Debug|x64
		{E2E53755-7990-4208-BCB9-E070AA9F9494}.Debug|Any CPU.Build.0 = Debug|x64
		{E2E53755-7990-4208-BCB9-E070AA9F9494}.Debug|ARM.ActiveCfg = Debug|x64
		{E2E53755-7990-4208-BCB9-E070AA9F9494}.Debug|ARM.Build.0 = Debug|x64
		{E2E53755-7990-4208-BCB9-E070AA9F9494}.Debug|ARM64.ActiveCfg = Debug|x64
		{E2E53755-7990-4208-BCB9-E070AA9F9494}.Debug|ARM64.Build.0 = Debug|x64
		{E2E53755-7990-4208-BCB9-E070AA9F9494}.Debug|x64.ActiveCfg = Debug|x64
		{E2E53755-7990-4208-BCB9-E070AA9F9494}.Debug|x64.Build.0 = Debug|x64
		{E2E53755-7990-4208-BCB9-E070AA9F9494}.Debug|x86.ActiveCfg = Debug|Win32
		{E2E53755-7990-4208-BCB9-E070AA9F9494}.Debug|x86.Build.0 = Debug|Win32
		{E2E53755-7990-4208-BCB9-E070AA9F9494}.Release|Any CPU.ActiveCfg = Release|x64
		{E2E53755-7990-4208-BCB9-E070AA9F9494}.Release|Any CPU.Build.0 = Release|x64
		{E2E53755-7990-4208-BCB9-E070AA9F9494}.Release|ARM.ActiveCfg = Release|x64
		{E2E53755-7990-4208-BCB9-E070AA9F9494}.Release|ARM.Build.0 = Release|x64
		{E2E53755-7990-4208-BCB9-E070AA9F9494}.Release|ARM64.ActiveCfg = Release|x64
		{E2E53755-7990-4208-BCB9-E070AA9F9494}.Release|ARM64.Build.0 = Release|x64
		{E2E53755-7990-4208-BCB9-E070AA9F9494}.Release|x64.ActiveCfg = Release|x64
		{E2E53755-7990-4208-BCB9-E070AA9F9494}.Release|x64.Build.0 = Release|x64
		{E2E53755-7990-4208-BCB9-E070AA9F9494}.Release|x86.ActiveCfg = Release|Win32
		{E2E53755-7990-4208-BCB9-E070AA9F9494}.Release|x86.Build.0 = Release|Win32
		{C581A94F-9506-45B3-966D-E3C30C4797B7}.Debug|Any CPU.ActiveCfg = Debug|x64
		{C581A94F-9506-45B3-966D-E3C30C4797B7}.Debug|Any CPU.Build.0 = Debug|x64
		{C581A94F-9506-45B3-966D-E3C30C4797B7}.Debug|Any CPU.Deploy.0 = Debug|x64
		{C581A94F-9506-45B3-966D-E3C30C4797B7}.Debug|ARM.ActiveCfg = Debug|ARM
		{C581A94F-9506-45B3-966D-E3C30C4797B7}.Debug|ARM.Build.0 = Debug|ARM
		{C581A94F-9506-45B3-966D-E3C30C4797B7}.Debug|ARM.Deploy.0 = Debug|ARM
		{C581A94F-9506-45B3-966D-E3C30C4797B7}.Debug|ARM64.ActiveCfg = Debug|ARM64
		{C581A94F-9506-45B3-966D-E3C30C4797B7}.Debug|ARM64.Build.0 = Debug|ARM64
		{C581A94F-9506-45B3-966D-E3C30C4797B7}.Debug|ARM64.Deploy.0 = Debug|ARM64
		{C581A94F-9506-45B3-966D-E3C30C4797B7}.Debug|x64.ActiveCfg = Debug|x64
		{C581A94F-9506-45B3-966D-E3C30C4797B7}.Debug|x64.Build.0 = Debug|x64
		{C581A94F-9506-45B3-966D-E3C30C4797B7}.Debug|x64.Deploy.0 = Debug|x64
		{C581A94F-9506-45B3-966D-E3C30C4797B7}.Debug|x86.ActiveCfg = Debug|Win32
		{C581A94F-9506-45B3-966D-E3C30C4797B7}.Debug|x86.Build.0 = Debug|Win32
		{C581A94F-9506-45B3-966D-E3C30C4797B7}.Debug|x86.Deploy.0 = Debug|Win32
		{C581A94F-9506-45B3-966D-E3C30C4797B7}.Release|Any CPU.ActiveCfg = Release|x64
		{C581A94F-9506-45B3-966D-E3C30C4797B7}.Release|Any CPU.Build.0 = Release|x64
		{C581A94F-9506-45B3-966D-E3C30C4797B7}.Release|Any CPU.Deploy.0 = Release|x64
		{C581A94F-9506-45B3-966D-E3C30C4797B7}.Release|ARM.ActiveCfg = Release|ARM
		{C581A94F-9506-45B3-966D-E3C30C4797B7}.Release|ARM.Build.0 = Release|ARM
		{C581A94F-9506-45B3-966D-E3C30C4797B7}.Release|ARM.Deploy.0 = Release|ARM
		{C581A94F-9506-45B3-966D-E3C30C4797B7}.Release|ARM64.ActiveCfg = Release|ARM64
		{C581A94F-9506-45B3-966D-E3C30C4797B7}.Release|ARM64.Build.0 = Release|ARM64
		{C581A94F-9506-45B3-966D-E3C30C4797B7}.Release|ARM64.Deploy.0 = Release|ARM64
		{C581A94F-9506-45B3-966D-E3C30C4797B7}.Release|x64.ActiveCfg = Release|x64
		{C581A94F-9506-45B3-966D-E3C30C4797B7}.Release|x64.Build.0 = Release|x64
		{C581A94F-9506-45B3-966D-E3C30C4797B7}.Release|x64.Deploy.0 = Release|x64
		{C581A94F-9506-45B3-966D-E3C30C4797B7}.Release|x86.ActiveCfg = Release|Win32
		{C581A94F-9506-45B3-966D-E3C30C4797B7}.Release|x86.Build.0 = Release|Win32
		{C581A94F-9506-45B3-966D-E3C30C4797B7}.Release|x86.Deploy.0 = Release|Win32
		{CDC2AAFD-C21E-42A1-9C66-ADDC17B3C764}.Debug|Any CPU.ActiveCfg = Debug|x64
		{CDC2AAFD-C21E-42A1-9C66-ADDC17B3C764}.Debug|Any CPU.Build.0 = Debug|x64
		{CDC2AAFD-C21E-42A1-9C66-ADDC17B3C764}.Debug|Any CPU.Deploy.0 = Debug|x64
		{CDC2AAFD-C21E-42A1-9C66-ADDC17B3C764}.Debug|ARM.ActiveCfg = Debug|ARM
		{CDC2AAFD-C21E-42A1-9C66-ADDC17B3C764}.Debug|ARM.Build.0 = Debug|ARM
		{CDC2AAFD-C21E-42A1-9C66-ADDC17B3C764}.Debug|ARM.Deploy.0 = Debug|ARM
		{CDC2AAFD-C21E-42A1-9C66-ADDC17B3C764}.Debug|ARM64.ActiveCfg = Debug|ARM64
		{CDC2AAFD-C21E-42A1-9C66-ADDC17B3C764}.Debug|ARM64.Build.0 = Debug|ARM64
		{CDC2AAFD-C21E-42A1-9C66-ADDC17B3C764}.Debug|ARM64.Deploy.0 = Debug|ARM64
		{CDC2AAFD-C21E-42A1-9C66-ADDC17B3C764}.Debug|x64.ActiveCfg = Debug|x64
		{CDC2AAFD-C21E-42A1-9C66-ADDC17B3C764}.Debug|x64.Build.0 = Debug|x64
		{CDC2AAFD-C21E-42A1-9C66-ADDC17B3C764}.Debug|x64.Deploy.0 = Debug|x64
		{CDC2AAFD-C21E-42A1-9C66-ADDC17B3C764}.Debug|x86.ActiveCfg = Debug|Win32
		{CDC2AAFD-C21E-42A1-9C66-ADDC17B3C764}.Debug|x86.Build.0 = Debug|Win32
		{CDC2AAFD-C21E-42A1-9C66-ADDC17B3C764}.Debug|x86.Deploy.0 = Debug|Win32
		{CDC2AAFD-C21E-42A1-9C66-ADDC17B3C764}.Release|Any CPU.ActiveCfg = Release|x64
		{CDC2AAFD-C21E-42A1-9C66-ADDC17B3C764}.Release|Any CPU.Build.0 = Release|x64
		{CDC2AAFD-C21E-42A1-9C66-ADDC17B3C764}.Release|Any CPU.Deploy.0 = Release|x64
		{CDC2AAFD-C21E-42A1-9C66-ADDC17B3C764}.Release|ARM.ActiveCfg = Release|ARM
		{CDC2AAFD-C21E-42A1-9C66-ADDC17B3C764}.Release|ARM.Build.0 = Release|ARM
		{CDC2AAFD-C21E-42A1-9C66-ADDC17B3C764}.Release|ARM.Deploy.0 = Release|ARM
		{CDC2AAFD-C21E-42A1-9C66-ADDC17B3C764}.Release|ARM64.ActiveCfg = Release|ARM64
		{CDC2AAFD-C21E-42A1-9C66-ADDC17B3C764}.Release|ARM64.Build.0 = Release|ARM64
		{CDC2AAFD-C21E-42A1-9C66-ADDC17B3C764}.Release|ARM64.Deploy.0 = Release|ARM64
		{CDC2AAFD-C21E-42A1-9C66-ADDC17B3C764}.Release|x64.ActiveCfg = Release|x64
		{CDC2AAFD-C21E-42A1-9C66-ADDC17B3C764}.Release|x64.Build.0 = Release|x64
		{CDC2AAFD-C21E-42A1-9C66-ADDC17B3C764}.Release|x64.Deploy.0 = Release|x64
		{CDC2AAFD-C21E-42A1-9C66-ADDC17B3C764}.Release|x86.ActiveCfg = Release|Win32
		{CDC2AAFD-C21E-42A1-9C66-ADDC17B3C764}.Release|x86.Build.0 = Release|Win32
		{CDC2AAFD-C21E-42A1-9C66-ADDC17B3C764}.Release|x86.Deploy.0 = Release|Win32
	EndGlobalSection
	GlobalSection(SolutionProperties) = preSolution
		HideSolutionNode = FALSE
	EndGlobalSection
	GlobalSection(ExtensibilityGlobals) = postSolution
		SolutionGuid = {4584BC40-FBAA-4B38-A594-3B3C4E999BC9}
	EndGlobalSection
EndGlobal
